
Microsoft Visual Studio Solution File, Format Version 12.00
# Visual Studio Version 17
VisualStudioVersion = 17.4.33122.133
MinimumVisualStudioVersion = 10.0.40219.1
Project("{888888A0-9F3D-457C-B088-3A5042F75D52}") = "Project", "Project\Project.pyproj", "{C879419F-4B4F-4C72-A300-2731F288D244}"
EndProject
Global
	GlobalSection(SolutionConfigurationPlatforms) = preSolution
		Debug|Any CPU = Debug|Any CPU
		Release|Any CPU = Release|Any CPU
	EndGlobalSection
	GlobalSection(ProjectConfigurationPlatforms) = postSolution
		{C879419F-4B4F-4C72-A300-2731F288D244}.Debug|Any CPU.ActiveCfg = Debug|Any CPU
		{C879419F-4B4F-4C72-A300-2731F288D244}.Release|Any CPU.ActiveCfg = Release|Any CPU
	EndGlobalSection
	GlobalSection(SolutionProperties) = preSolution
		HideSolutionNode = FALSE
	EndGlobalSection
	GlobalSection(ExtensibilityGlobals) = postSolution
		SolutionGuid = {3784F98B-C551-401F-9E53-54BE8B6AE190}
	EndGlobalSection
EndGlobal
